Microsoft Visual Studio Solution File, Format Version 12.00
# Visual Studio Version 17
VisualStudioVersion = 17.5.2.0
MinimumVisualStudioVersion = 10.0.40219.1
Project("{FAE04EC0-301F-11D3-BF4B-00C04F79EFBC}") = "charmsRebalanced", "charmsRebalanced.csproj", "{16DC206A-4215-2458-FDAB-6EFD7AA160E9}"
EndProject
Global
	GlobalSection(SolutionConfigurationPlatforms) = preSolution
		Debug|Any CPU = Debug|Any CPU
		Release|Any CPU = Release|Any CPU
	EndGlobalSection
	GlobalSection(ProjectConfigurationPlatforms) = postSolution
		{16DC206A-4215-2458-FDAB-6EFD7AA160E9}.Debug|Any CPU.ActiveCfg = Debug|Any CPU
		{16DC206A-4215-2458-FDAB-6EFD7AA160E9}.Debug|Any CPU.Build.0 = Debug|Any CPU
		{16DC206A-4215-2458-FDAB-6EFD7AA160E9}.Release|Any CPU.ActiveCfg = Release|Any CPU
		{16DC206A-4215-2458-FDAB-6EFD7AA160E9}.Release|Any CPU.Build.0 = Release|Any CPU
	EndGlobalSection
	GlobalSection(SolutionProperties) = preSolution
		HideSolutionNode = FALSE
	EndGlobalSection
	GlobalSection(ExtensibilityGlobals) = postSolution
		SolutionGuid = {55DF101A-44EB-414A-AB83-3599C3C943A2}
	EndGlobalSection
EndGlobal
